<?xml version="1.0" encoding="UTF-8"?>
<Scheme
   LastUpgradeVersion = "1630"
   version = "1.7">
   <BuildAction
      parallelizeBuildables = "YES"
      buildImplicitDependencies = "YES">
      <BuildActionEntries>
         <BuildActionEntry
            buildForTesting = "YES"
            buildForRunning = "YES"
            buildForProfiling = "YES"
            buildForArchiving = "YES"
            buildForAnalyzing = "YES">
            <BuildableReference
               BuildableIdentifier = "primary"
               BlueprintIdentifier = "137FB2842A03B06500AEFDF2"
               BuildableName = "ppl+"
               BlueprintName = "ppl+"
               ReferencedContainer = "container:ppl+.xcodeproj">
            </BuildableReference>
         </BuildActionEntry>
      </BuildActionEntries>
   </BuildAction>
   <TestAction
      buildConfiguration = "Debug"
      selectedDebuggerIdentifier = "Xcode.DebuggerFoundation.Debugger.LLDB"
      selectedLauncherIdentifier = "Xcode.DebuggerFoundation.Launcher.LLDB"
      shouldUseLaunchSchemeArgsEnv = "YES"
      shouldAutocreateTestPlan = "YES">
   </TestAction>
   <LaunchAction
      buildConfiguration = "Debug"
      selectedDebuggerIdentifier = "Xcode.DebuggerFoundation.Debugger.LLDB"
      selectedLauncherIdentifier = "Xcode.DebuggerFoundation.Launcher.LLDB"
      launchStyle = "0"
      useCustomWorkingDirectory = "NO"
      ignoresPersistentStateOnLaunch = "NO"
      debugDocumentVersioning = "YES"
      debugServiceExtension = "internal"
      allowLocationSimulation = "YES"
      viewDebuggingEnabled = "No">
      <BuildableProductRunnable
         runnableDebuggingMode = "0">
         <BuildableReference
            BuildableIdentifier = "primary"
            BlueprintIdentifier = "137FB2842A03B06500AEFDF2"
            BuildableName = "ppl+"
            BlueprintName = "ppl+"
            ReferencedContainer = "container:ppl+.xcodeproj">
         </BuildableReference>
      </BuildableProductRunnable>
      <CommandLineArguments>
         <CommandLineArgument
            argument = "--version"
            isEnabled = "NO">
         </CommandLineArgument>
         <CommandLineArgument
            argument = "$(PROJECT_DIR)/examples/example"
            isEnabled = "NO">
         </CommandLineArgument>
         <CommandLineArgument
            argument = "-o ~/Documents/HP\ Prime/Calculators/Prime/example.hpprgm"
            isEnabled = "NO">
         </CommandLineArgument>
         <CommandLineArgument
            argument = "--help"
            isEnabled = "NO">
         </CommandLineArgument>
         <CommandLineArgument
            argument = "--path"
            isEnabled = "NO">
         </CommandLineArgument>
         <CommandLineArgument
            argument = "$(PROJECT_DIR)/../Package\ Installer/package-root/private/tmp/PrimeSDK/Examples/Colors/src/main.prgm+ -o $(PROJECT_DIR)/examples/Colors.prgm"
            isEnabled = "YES">
         </CommandLineArgument>
         <CommandLineArgument
            argument = "$(PROJECT_DIR)/../Package\ Installer/package-root/private/tmp/PrimeSDK/Examples/MAD/src/main.prgm+ -o $(PROJECT_DIR)/examples/MAD.prgm"
            isEnabled = "NO">
         </CommandLineArgument>
         <CommandLineArgument
            argument = "$(PROJECT_DIR)/../Package\ Installer/package-root/private/tmp/PrimeSDK/Examples/Periodic/src/main.prgm+ -o $(PROJECT_DIR)/examples/Periodic.prgm"
            isEnabled = "NO">
         </CommandLineArgument>
         <CommandLineArgument
            argument = "-v=a"
            isEnabled = "YES">
         </CommandLineArgument>
         <CommandLineArgument
            argument = "-v=l"
            isEnabled = "NO">
         </CommandLineArgument>
         <CommandLineArgument
            argument = "-I$(PROJECT_DIR)/../Package\ Installer/package-root/Applications/HP/PrimeSDK/include/"
            isEnabled = "YES">
         </CommandLineArgument>
      </CommandLineArguments>
   </LaunchAction>
   <ProfileAction
      buildConfiguration = "Release"
      shouldUseLaunchSchemeArgsEnv = "YES"
      savedToolIdentifier = ""
      useCustomWorkingDirectory = "NO"
      debugDocumentVersioning = "YES">
      <BuildableProductRunnable
         runnableDebuggingMode = "0">
         <BuildableReference
            BuildableIdentifier = "primary"
            BlueprintIdentifier = "137FB2842A03B06500AEFDF2"
            BuildableName = "ppl+"
            BlueprintName = "ppl+"
            ReferencedContainer = "container:ppl+.xcodeproj">
         </BuildableReference>
      </BuildableProductRunnable>
   </ProfileAction>
   <AnalyzeAction
      buildConfiguration = "Debug">
   </AnalyzeAction>
   <ArchiveAction
      buildConfiguration = "Release"
      revealArchiveInOrganizer = "YES">
   </ArchiveAction>
</Scheme>
